
Microsoft Visual Studio Solution File, Format Version 12.00
# Visual Studio Version 17
VisualStudioVersion = 17.10.35004.147
MinimumVisualStudioVersion = 10.0.40219.1
Project("{FAE04EC0-301F-11D3-BF4B-00C04F79EFBC}") = "DIP_SOLID", "DIP_SOLID\DIP_SOLID.csproj", "{C048F9CB-EFA9-4995-9127-49B1EE369A10}"
EndProject
Global
	GlobalSection(SolutionConfigurationPlatforms) = preSolution
		Debug|Any CPU = Debug|Any CPU
		Release|Any CPU = Release|Any CPU
	EndGlobalSection
	GlobalSection(ProjectConfigurationPlatforms) = postSolution
		{C048F9CB-EFA9-4995-9127-49B1EE369A10}.Debug|Any CPU.ActiveCfg = Debug|Any CPU
		{C048F9CB-EFA9-4995-9127-49B1EE369A10}.Debug|Any CPU.Build.0 = Debug|Any CPU
		{C048F9CB-EFA9-4995-9127-49B1EE369A10}.Release|Any CPU.ActiveCfg = Release|Any CPU
		{C048F9CB-EFA9-4995-9127-49B1EE369A10}.Release|Any CPU.Build.0 = Release|Any CPU
	EndGlobalSection
	GlobalSection(SolutionProperties) = preSolution
		HideSolutionNode = FALSE
	EndGlobalSection
	GlobalSection(ExtensibilityGlobals) = postSolution
		SolutionGuid = {3169D811-F9BF-4DF7-8BA2-1DECA09A5FC5}
	EndGlobalSection
EndGlobal
